
Microsoft Visual Studio Solution File, Format Version 12.00
# Visual Studio Version 16
VisualStudioVersion = 16.0.29411.108
MinimumVisualStudioVersion = 10.0.40219.1
Project("{FAE04EC0-301F-11D3-BF4B-00C04F79EFBC}") = "PIla", "PIla\PIla.csproj", "{F3EFC642-A928-490B-937C-A6EE1E37140F}"
EndProject
Global
	GlobalSection(SolutionConfigurationPlatforms) = preSolution
		Debug|Any CPU = Debug|Any CPU
		Release|Any CPU = Release|Any CPU
	EndGlobalSection
	GlobalSection(ProjectConfigurationPlatforms) = postSolution
		{F3EFC642-A928-490B-937C-A6EE1E37140F}.Debug|Any CPU.ActiveCfg = Debug|Any CPU
		{F3EFC642-A928-490B-937C-A6EE1E37140F}.Debug|Any CPU.Build.0 = Debug|Any CPU
		{F3EFC642-A928-490B-937C-A6EE1E37140F}.Release|Any CPU.ActiveCfg = Release|Any CPU
		{F3EFC642-A928-490B-937C-A6EE1E37140F}.Release|Any CPU.Build.0 = Release|Any CPU
	EndGlobalSection
	GlobalSection(SolutionProperties) = preSolution
		HideSolutionNode = FALSE
	EndGlobalSection
	GlobalSection(ExtensibilityGlobals) = postSolution
		SolutionGuid = {A95BE0D0-9690-4447-9E24-B3994BB680C2}
	EndGlobalSection
EndGlobal
