
Microsoft Visual Studio Solution File, Format Version 12.00
# Visual Studio Version 16
VisualStudioVersion = 16.0.29411.108
MinimumVisualStudioVersion = 10.0.40219.1
Project("{FAE04EC0-301F-11D3-BF4B-00C04F79EFBC}") = "Cola", "Cola\Cola.csproj", "{C2BF2E06-8E9A-459E-895B-CE42938FEDC6}"
EndProject
Global
	GlobalSection(SolutionConfigurationPlatforms) = preSolution
		Debug|Any CPU = Debug|Any CPU
		Release|Any CPU = Release|Any CPU
	EndGlobalSection
	GlobalSection(ProjectConfigurationPlatforms) = postSolution
		{C2BF2E06-8E9A-459E-895B-CE42938FEDC6}.Debug|Any CPU.ActiveCfg = Debug|Any CPU
		{C2BF2E06-8E9A-459E-895B-CE42938FEDC6}.Debug|Any CPU.Build.0 = Debug|Any CPU
		{C2BF2E06-8E9A-459E-895B-CE42938FEDC6}.Release|Any CPU.ActiveCfg = Release|Any CPU
		{C2BF2E06-8E9A-459E-895B-CE42938FEDC6}.Release|Any CPU.Build.0 = Release|Any CPU
	EndGlobalSection
	GlobalSection(SolutionProperties) = preSolution
		HideSolutionNode = FALSE
	EndGlobalSection
	GlobalSection(ExtensibilityGlobals) = postSolution
		SolutionGuid = {F2A282E5-20CF-46F0-AD37-A5FF7834BCFD}
	EndGlobalSection
EndGlobal
